
Microsoft Visual Studio Solution File, Format Version 12.00
# Visual Studio Version 17
VisualStudioVersion = 17.0.31423.177
MinimumVisualStudioVersion = 10.0.40219.1
Project("{9A19103F-16F7-4668-BE54-9A1E7A4F7556}") = "PhatBrainSoftware.MarkdownEdit", "src\PhatBrainSoftware.MarkdownEdit\PhatBrainSoftware.MarkdownEdit.csproj", "{16C32AA1-1F4F-4679-9FB1-87CAC73244D9}"
EndProject
Project("{9A19103F-16F7-4668-BE54-9A1E7A4F7556}") = "PhatBrainSoftware.MarkdownEdit.Tests", "tests\src\PhatBrainSoftware.MarkdownEdit.Tests\PhatBrainSoftware.MarkdownEdit.Tests.csproj", "{A9965B01-94D1-4AFD-8DF6-2E5212194F7D}"
EndProject
Project("{2150E333-8FDC-42A3-9474-1A3956D46DE8}") = "samples", "samples", "{E010228B-A985-480F-9EDD-4B7F893597B2}"
EndProject
Project("{9A19103F-16F7-4668-BE54-9A1E7A4F7556}") = "BlazorServer", "samples\src\BlazorServer\BlazorServer.csproj", "{58F149DD-1CD7-43C6-A4B5-B4CAE4C699A8}"
EndProject
Project("{9A19103F-16F7-4668-BE54-9A1E7A4F7556}") = "BlazorWebAssembly", "samples\src\BlazorWebAssembly\BlazorWebAssembly.csproj", "{4FE5353C-9D5D-4D90-AFD8-206E12464B1C}"
EndProject
Global
	GlobalSection(SolutionConfigurationPlatforms) = preSolution
		Debug|Any CPU = Debug|Any CPU
		Release|Any CPU = Release|Any CPU
	EndGlobalSection
	GlobalSection(ProjectConfigurationPlatforms) = postSolution
		{16C32AA1-1F4F-4679-9FB1-87CAC73244D9}.Debug|Any CPU.ActiveCfg = Debug|Any CPU
		{16C32AA1-1F4F-4679-9FB1-87CAC73244D9}.Debug|Any CPU.Build.0 = Debug|Any CPU
		{16C32AA1-1F4F-4679-9FB1-87CAC73244D9}.Release|Any CPU.ActiveCfg = Release|Any CPU
		{16C32AA1-1F4F-4679-9FB1-87CAC73244D9}.Release|Any CPU.Build.0 = Release|Any CPU
		{A9965B01-94D1-4AFD-8DF6-2E5212194F7D}.Debug|Any CPU.ActiveCfg = Debug|Any CPU
		{A9965B01-94D1-4AFD-8DF6-2E5212194F7D}.Debug|Any CPU.Build.0 = Debug|Any CPU
		{A9965B01-94D1-4AFD-8DF6-2E5212194F7D}.Release|Any CPU.ActiveCfg = Release|Any CPU
		{A9965B01-94D1-4AFD-8DF6-2E5212194F7D}.Release|Any CPU.Build.0 = Release|Any CPU
		{58F149DD-1CD7-43C6-A4B5-B4CAE4C699A8}.Debug|Any CPU.ActiveCfg = Debug|Any CPU
		{58F149DD-1CD7-43C6-A4B5-B4CAE4C699A8}.Debug|Any CPU.Build.0 = Debug|Any CPU
		{58F149DD-1CD7-43C6-A4B5-B4CAE4C699A8}.Release|Any CPU.ActiveCfg = Release|Any CPU
		{58F149DD-1CD7-43C6-A4B5-B4CAE4C699A8}.Release|Any CPU.Build.0 = Release|Any CPU
		{4FE5353C-9D5D-4D90-AFD8-206E12464B1C}.Debug|Any CPU.ActiveCfg = Debug|Any CPU
		{4FE5353C-9D5D-4D90-AFD8-206E12464B1C}.Debug|Any CPU.Build.0 = Debug|Any CPU
		{4FE5353C-9D5D-4D90-AFD8-206E12464B1C}.Release|Any CPU.ActiveCfg = Release|Any CPU
		{4FE5353C-9D5D-4D90-AFD8-206E12464B1C}.Release|Any CPU.Build.0 = Release|Any CPU
	EndGlobalSection
	GlobalSection(SolutionProperties) = preSolution
		HideSolutionNode = FALSE
	EndGlobalSection
	GlobalSection(NestedProjects) = preSolution
		{58F149DD-1CD7-43C6-A4B5-B4CAE4C699A8} = {E010228B-A985-480F-9EDD-4B7F893597B2}
		{4FE5353C-9D5D-4D90-AFD8-206E12464B1C} = {E010228B-A985-480F-9EDD-4B7F893597B2}
	EndGlobalSection
	GlobalSection(ExtensibilityGlobals) = postSolution
		SolutionGuid = {A0E3C511-611C-4B32-AD5D-47E9FFF240DF}
	EndGlobalSection
EndGlobal
